
Microsoft Visual Studio Solution File, Format Version 10.00
# Visual Studio 2008
Project("{FAE04EC0-301F-11D3-BF4B-00C04F79EFBC}") = "CollapsibleGroupBox", "CollapsibleGroupBox\CollapsibleGroupBox.csproj", "{A59B6A3D-CEE0-4CB9-BE75-6A8E1FC51387}"
EndProject
Project("{FAE04EC0-301F-11D3-BF4B-00C04F79EFBC}") = "TestHarness", "TestHarness\TestHarness.csproj", "{27227F2C-24FD-48B4-AF47-650C800FFA9B}"
EndProject
Global
	GlobalSection(SolutionConfigurationPlatforms) = preSolution
		Debug|Any CPU = Debug|Any CPU
		Release|Any CPU = Release|Any CPU
	EndGlobalSection
	GlobalSection(ProjectConfigurationPlatforms) = postSolution
		{A59B6A3D-CEE0-4CB9-BE75-6A8E1FC51387}.Debug|Any CPU.ActiveCfg = Debug|Any CPU
		{A59B6A3D-CEE0-4CB9-BE75-6A8E1FC51387}.Debug|Any CPU.Build.0 = Debug|Any CPU
		{A59B6A3D-CEE0-4CB9-BE75-6A8E1FC51387}.Release|Any CPU.ActiveCfg = Release|Any CPU
		{A59B6A3D-CEE0-4CB9-BE75-6A8E1FC51387}.Release|Any CPU.Build.0 = Release|Any CPU
		{27227F2C-24FD-48B4-AF47-650C800FFA9B}.Debug|Any CPU.ActiveCfg = Debug|Any CPU
		{27227F2C-24FD-48B4-AF47-650C800FFA9B}.Debug|Any CPU.Build.0 = Debug|Any CPU
		{27227F2C-24FD-48B4-AF47-650C800FFA9B}.Release|Any CPU.ActiveCfg = Release|Any CPU
		{27227F2C-24FD-48B4-AF47-650C800FFA9B}.Release|Any CPU.Build.0 = Release|Any CPU
	EndGlobalSection
	GlobalSection(SolutionProperties) = preSolution
		HideSolutionNode = FALSE
	EndGlobalSection
EndGlobal
