
Microsoft Visual Studio Solution File, Format Version 11.00
# Visual Studio 2010
Project("{FAE04EC0-301F-11D3-BF4B-00C04F79EFBC}") = "Clinic.Model", "Clinic.Model\Clinic.Model.csproj", "{22E7AA90-C7D2-4051-A7F0-EE588DF4A7C2}"
EndProject
Project("{FAE04EC0-301F-11D3-BF4B-00C04F79EFBC}") = "Clinic.ModelMapper", "Clinic.ModelMapper\Clinic.ModelMapper.csproj", "{03860815-47B4-43E2-93F2-36855A84284D}"
EndProject
Project("{FAE04EC0-301F-11D3-BF4B-00C04F79EFBC}") = "Clinic.Prototype", "Clinic.Prototype\Clinic.Prototype.csproj", "{BFA9D0A8-F428-4E5B-8FB9-A649CBCDFA2C}"
EndProject
Global
	GlobalSection(SubversionScc) = preSolution
		Svn-Managed = True
		Manager = AnkhSVN - Subversion Support for Visual Studio
	EndGlobalSection
	GlobalSection(SolutionConfigurationPlatforms) = preSolution
		Debug|Any CPU = Debug|Any CPU
		Debug|Mixed Platforms = Debug|Mixed Platforms
		Debug|x86 = Debug|x86
		Release|Any CPU = Release|Any CPU
		Release|Mixed Platforms = Release|Mixed Platforms
		Release|x86 = Release|x86
	EndGlobalSection
	GlobalSection(ProjectConfigurationPlatforms) = postSolution
		{22E7AA90-C7D2-4051-A7F0-EE588DF4A7C2}.Debug|Any CPU.ActiveCfg = Debug|Any CPU
		{22E7AA90-C7D2-4051-A7F0-EE588DF4A7C2}.Debug|Any CPU.Build.0 = Debug|Any CPU
		{22E7AA90-C7D2-4051-A7F0-EE588DF4A7C2}.Debug|Mixed Platforms.ActiveCfg = Debug|Any CPU
		{22E7AA90-C7D2-4051-A7F0-EE588DF4A7C2}.Debug|Mixed Platforms.Build.0 = Debug|Any CPU
		{22E7AA90-C7D2-4051-A7F0-EE588DF4A7C2}.Debug|x86.ActiveCfg = Debug|Any CPU
		{22E7AA90-C7D2-4051-A7F0-EE588DF4A7C2}.Release|Any CPU.ActiveCfg = Release|Any CPU
		{22E7AA90-C7D2-4051-A7F0-EE588DF4A7C2}.Release|Any CPU.Build.0 = Release|Any CPU
		{22E7AA90-C7D2-4051-A7F0-EE588DF4A7C2}.Release|Mixed Platforms.ActiveCfg = Release|Any CPU
		{22E7AA90-C7D2-4051-A7F0-EE588DF4A7C2}.Release|Mixed Platforms.Build.0 = Release|Any CPU
		{22E7AA90-C7D2-4051-A7F0-EE588DF4A7C2}.Release|x86.ActiveCfg = Release|Any CPU
		{03860815-47B4-43E2-93F2-36855A84284D}.Debug|Any CPU.ActiveCfg = Debug|Any CPU
		{03860815-47B4-43E2-93F2-36855A84284D}.Debug|Any CPU.Build.0 = Debug|Any CPU
		{03860815-47B4-43E2-93F2-36855A84284D}.Debug|Mixed Platforms.ActiveCfg = Debug|Any CPU
		{03860815-47B4-43E2-93F2-36855A84284D}.Debug|Mixed Platforms.Build.0 = Debug|Any CPU
		{03860815-47B4-43E2-93F2-36855A84284D}.Debug|x86.ActiveCfg = Debug|Any CPU
		{03860815-47B4-43E2-93F2-36855A84284D}.Release|Any CPU.ActiveCfg = Release|Any CPU
		{03860815-47B4-43E2-93F2-36855A84284D}.Release|Any CPU.Build.0 = Release|Any CPU
		{03860815-47B4-43E2-93F2-36855A84284D}.Release|Mixed Platforms.ActiveCfg = Release|Any CPU
		{03860815-47B4-43E2-93F2-36855A84284D}.Release|Mixed Platforms.Build.0 = Release|Any CPU
		{03860815-47B4-43E2-93F2-36855A84284D}.Release|x86.ActiveCfg = Release|Any CPU
		{BFA9D0A8-F428-4E5B-8FB9-A649CBCDFA2C}.Debug|Any CPU.ActiveCfg = Debug|x86
		{BFA9D0A8-F428-4E5B-8FB9-A649CBCDFA2C}.Debug|Mixed Platforms.ActiveCfg = Debug|x86
		{BFA9D0A8-F428-4E5B-8FB9-A649CBCDFA2C}.Debug|Mixed Platforms.Build.0 = Debug|x86
		{BFA9D0A8-F428-4E5B-8FB9-A649CBCDFA2C}.Debug|x86.ActiveCfg = Debug|x86
		{BFA9D0A8-F428-4E5B-8FB9-A649CBCDFA2C}.Debug|x86.Build.0 = Debug|x86
		{BFA9D0A8-F428-4E5B-8FB9-A649CBCDFA2C}.Release|Any CPU.ActiveCfg = Release|x86
		{BFA9D0A8-F428-4E5B-8FB9-A649CBCDFA2C}.Release|Mixed Platforms.ActiveCfg = Release|x86
		{BFA9D0A8-F428-4E5B-8FB9-A649CBCDFA2C}.Release|Mixed Platforms.Build.0 = Release|x86
		{BFA9D0A8-F428-4E5B-8FB9-A649CBCDFA2C}.Release|x86.ActiveCfg = Release|x86
		{BFA9D0A8-F428-4E5B-8FB9-A649CBCDFA2C}.Release|x86.Build.0 = Release|x86
	EndGlobalSection
	GlobalSection(SolutionProperties) = preSolution
		HideSolutionNode = FALSE
	EndGlobalSection
EndGlobal
