
Microsoft Visual Studio Solution File, Format Version 11.00
# Visual Studio 2010
Project("{FAE04EC0-301F-11D3-BF4B-00C04F79EFBC}") = "Clinic.Model", "Clinic.Model\Clinic.Model.csproj", "{22E7AA90-C7D2-4051-A7F0-EE588DF4A7C2}"
EndProject
Project("{FAE04EC0-301F-11D3-BF4B-00C04F79EFBC}") = "Clinic.Prototype", "Clinic.Prototype\Clinic.Prototype.csproj", "{BFA9D0A8-F428-4E5B-8FB9-A649CBCDFA2C}"
EndProject
Project("{FAE04EC0-301F-11D3-BF4B-00C04F79EFBC}") = "Clinic.Infrastructure", "Clinic.Infrastructure\Clinic.Infrastructure.csproj", "{47D5D70F-5EAE-46D9-8088-6FA14A7A66CE}"
EndProject
Project("{FAE04EC0-301F-11D3-BF4B-00C04F79EFBC}") = "Clinic.Repository.NHibernate", "Clinic.Repository.NHibernate\Clinic.Repository.NHibernate.csproj", "{20527B15-109D-47B6-901B-A1E812BCBBED}"
EndProject
Project("{2150E333-8FDC-42A3-9474-1A3956D46DE8}") = "Tests", "Tests", "{AC5297B2-21FB-4BA4-BF0C-60145009E8C6}"
EndProject
Project("{FAE04EC0-301F-11D3-BF4B-00C04F79EFBC}") = "Clinic.Acceptance.Tests", "Clinic.Acceptance.Tests\Clinic.Acceptance.Tests.csproj", "{3482D58E-B370-416E-8015-D60ECCC95F76}"
EndProject
Project("{FAE04EC0-301F-11D3-BF4B-00C04F79EFBC}") = "Clinic.Core.Tests", "Clinic.Core.Tests\Clinic.Core.Tests.csproj", "{83E15AC4-5EE1-4D9C-91DC-CBDF7AC378D6}"
EndProject
Project("{2150E333-8FDC-42A3-9474-1A3956D46DE8}") = "Solution Items", "Solution Items", "{35BBB76A-6A81-4449-B7AF-237A94B43E8C}"
	ProjectSection(SolutionItems) = preProject
		Clinic.vsmdi = Clinic.vsmdi
		Local.testsettings = Local.testsettings
		TraceAndTestImpact.testsettings = TraceAndTestImpact.testsettings
	EndProjectSection
EndProject
Global
	GlobalSection(SubversionScc) = preSolution
		Svn-Managed = True
		Manager = AnkhSVN - Subversion Support for Visual Studio
	EndGlobalSection
	GlobalSection(TestCaseManagementSettings) = postSolution
		CategoryFile = Clinic.vsmdi
	EndGlobalSection
	GlobalSection(SolutionConfigurationPlatforms) = preSolution
		Debug|Any CPU = Debug|Any CPU
		Debug|Mixed Platforms = Debug|Mixed Platforms
		Debug|x86 = Debug|x86
		Release|Any CPU = Release|Any CPU
		Release|Mixed Platforms = Release|Mixed Platforms
		Release|x86 = Release|x86
	EndGlobalSection
	GlobalSection(ProjectConfigurationPlatforms) = postSolution
		{22E7AA90-C7D2-4051-A7F0-EE588DF4A7C2}.Debug|Any CPU.ActiveCfg = Debug|Any CPU
		{22E7AA90-C7D2-4051-A7F0-EE588DF4A7C2}.Debug|Any CPU.Build.0 = Debug|Any CPU
		{22E7AA90-C7D2-4051-A7F0-EE588DF4A7C2}.Debug|Mixed Platforms.ActiveCfg = Debug|Any CPU
		{22E7AA90-C7D2-4051-A7F0-EE588DF4A7C2}.Debug|Mixed Platforms.Build.0 = Debug|Any CPU
		{22E7AA90-C7D2-4051-A7F0-EE588DF4A7C2}.Debug|x86.ActiveCfg = Debug|Any CPU
		{22E7AA90-C7D2-4051-A7F0-EE588DF4A7C2}.Release|Any CPU.ActiveCfg = Release|Any CPU
		{22E7AA90-C7D2-4051-A7F0-EE588DF4A7C2}.Release|Any CPU.Build.0 = Release|Any CPU
		{22E7AA90-C7D2-4051-A7F0-EE588DF4A7C2}.Release|Mixed Platforms.ActiveCfg = Release|Any CPU
		{22E7AA90-C7D2-4051-A7F0-EE588DF4A7C2}.Release|Mixed Platforms.Build.0 = Release|Any CPU
		{22E7AA90-C7D2-4051-A7F0-EE588DF4A7C2}.Release|x86.ActiveCfg = Release|Any CPU
		{BFA9D0A8-F428-4E5B-8FB9-A649CBCDFA2C}.Debug|Any CPU.ActiveCfg = Debug|x86
		{BFA9D0A8-F428-4E5B-8FB9-A649CBCDFA2C}.Debug|Mixed Platforms.ActiveCfg = Debug|x86
		{BFA9D0A8-F428-4E5B-8FB9-A649CBCDFA2C}.Debug|Mixed Platforms.Build.0 = Debug|x86
		{BFA9D0A8-F428-4E5B-8FB9-A649CBCDFA2C}.Debug|x86.ActiveCfg = Debug|x86
		{BFA9D0A8-F428-4E5B-8FB9-A649CBCDFA2C}.Debug|x86.Build.0 = Debug|x86
		{BFA9D0A8-F428-4E5B-8FB9-A649CBCDFA2C}.Release|Any CPU.ActiveCfg = Release|x86
		{BFA9D0A8-F428-4E5B-8FB9-A649CBCDFA2C}.Release|Mixed Platforms.ActiveCfg = Release|x86
		{BFA9D0A8-F428-4E5B-8FB9-A649CBCDFA2C}.Release|Mixed Platforms.Build.0 = Release|x86
		{BFA9D0A8-F428-4E5B-8FB9-A649CBCDFA2C}.Release|x86.ActiveCfg = Release|x86
		{BFA9D0A8-F428-4E5B-8FB9-A649CBCDFA2C}.Release|x86.Build.0 = Release|x86
		{47D5D70F-5EAE-46D9-8088-6FA14A7A66CE}.Debug|Any CPU.ActiveCfg = Debug|Any CPU
		{47D5D70F-5EAE-46D9-8088-6FA14A7A66CE}.Debug|Any CPU.Build.0 = Debug|Any CPU
		{47D5D70F-5EAE-46D9-8088-6FA14A7A66CE}.Debug|Mixed Platforms.ActiveCfg = Debug|Any CPU
		{47D5D70F-5EAE-46D9-8088-6FA14A7A66CE}.Debug|Mixed Platforms.Build.0 = Debug|Any CPU
		{47D5D70F-5EAE-46D9-8088-6FA14A7A66CE}.Debug|x86.ActiveCfg = Debug|Any CPU
		{47D5D70F-5EAE-46D9-8088-6FA14A7A66CE}.Release|Any CPU.ActiveCfg = Release|Any CPU
		{47D5D70F-5EAE-46D9-8088-6FA14A7A66CE}.Release|Any CPU.Build.0 = Release|Any CPU
		{47D5D70F-5EAE-46D9-8088-6FA14A7A66CE}.Release|Mixed Platforms.ActiveCfg = Release|Any CPU
		{47D5D70F-5EAE-46D9-8088-6FA14A7A66CE}.Release|Mixed Platforms.Build.0 = Release|Any CPU
		{47D5D70F-5EAE-46D9-8088-6FA14A7A66CE}.Release|x86.ActiveCfg = Release|Any CPU
		{20527B15-109D-47B6-901B-A1E812BCBBED}.Debug|Any CPU.ActiveCfg = Debug|Any CPU
		{20527B15-109D-47B6-901B-A1E812BCBBED}.Debug|Any CPU.Build.0 = Debug|Any CPU
		{20527B15-109D-47B6-901B-A1E812BCBBED}.Debug|Mixed Platforms.ActiveCfg = Debug|Any CPU
		{20527B15-109D-47B6-901B-A1E812BCBBED}.Debug|Mixed Platforms.Build.0 = Debug|Any CPU
		{20527B15-109D-47B6-901B-A1E812BCBBED}.Debug|x86.ActiveCfg = Debug|Any CPU
		{20527B15-109D-47B6-901B-A1E812BCBBED}.Release|Any CPU.ActiveCfg = Release|Any CPU
		{20527B15-109D-47B6-901B-A1E812BCBBED}.Release|Any CPU.Build.0 = Release|Any CPU
		{20527B15-109D-47B6-901B-A1E812BCBBED}.Release|Mixed Platforms.ActiveCfg = Release|Any CPU
		{20527B15-109D-47B6-901B-A1E812BCBBED}.Release|Mixed Platforms.Build.0 = Release|Any CPU
		{20527B15-109D-47B6-901B-A1E812BCBBED}.Release|x86.ActiveCfg = Release|Any CPU
		{3482D58E-B370-416E-8015-D60ECCC95F76}.Debug|Any CPU.ActiveCfg = Debug|Any CPU
		{3482D58E-B370-416E-8015-D60ECCC95F76}.Debug|Any CPU.Build.0 = Debug|Any CPU
		{3482D58E-B370-416E-8015-D60ECCC95F76}.Debug|Mixed Platforms.ActiveCfg = Debug|Any CPU
		{3482D58E-B370-416E-8015-D60ECCC95F76}.Debug|Mixed Platforms.Build.0 = Debug|Any CPU
		{3482D58E-B370-416E-8015-D60ECCC95F76}.Debug|x86.ActiveCfg = Debug|Any CPU
		{3482D58E-B370-416E-8015-D60ECCC95F76}.Release|Any CPU.ActiveCfg = Release|Any CPU
		{3482D58E-B370-416E-8015-D60ECCC95F76}.Release|Any CPU.Build.0 = Release|Any CPU
		{3482D58E-B370-416E-8015-D60ECCC95F76}.Release|Mixed Platforms.ActiveCfg = Release|Any CPU
		{3482D58E-B370-416E-8015-D60ECCC95F76}.Release|Mixed Platforms.Build.0 = Release|Any CPU
		{3482D58E-B370-416E-8015-D60ECCC95F76}.Release|x86.ActiveCfg = Release|Any CPU
		{83E15AC4-5EE1-4D9C-91DC-CBDF7AC378D6}.Debug|Any CPU.ActiveCfg = Debug|Any CPU
		{83E15AC4-5EE1-4D9C-91DC-CBDF7AC378D6}.Debug|Any CPU.Build.0 = Debug|Any CPU
		{83E15AC4-5EE1-4D9C-91DC-CBDF7AC378D6}.Debug|Mixed Platforms.ActiveCfg = Debug|Any CPU
		{83E15AC4-5EE1-4D9C-91DC-CBDF7AC378D6}.Debug|Mixed Platforms.Build.0 = Debug|Any CPU
		{83E15AC4-5EE1-4D9C-91DC-CBDF7AC378D6}.Debug|x86.ActiveCfg = Debug|Any CPU
		{83E15AC4-5EE1-4D9C-91DC-CBDF7AC378D6}.Release|Any CPU.ActiveCfg = Release|Any CPU
		{83E15AC4-5EE1-4D9C-91DC-CBDF7AC378D6}.Release|Any CPU.Build.0 = Release|Any CPU
		{83E15AC4-5EE1-4D9C-91DC-CBDF7AC378D6}.Release|Mixed Platforms.ActiveCfg = Release|Any CPU
		{83E15AC4-5EE1-4D9C-91DC-CBDF7AC378D6}.Release|Mixed Platforms.Build.0 = Release|Any CPU
		{83E15AC4-5EE1-4D9C-91DC-CBDF7AC378D6}.Release|x86.ActiveCfg = Release|Any CPU
	EndGlobalSection
	GlobalSection(SolutionProperties) = preSolution
		HideSolutionNode = FALSE
	EndGlobalSection
	GlobalSection(NestedProjects) = preSolution
		{3482D58E-B370-416E-8015-D60ECCC95F76} = {AC5297B2-21FB-4BA4-BF0C-60145009E8C6}
		{83E15AC4-5EE1-4D9C-91DC-CBDF7AC378D6} = {AC5297B2-21FB-4BA4-BF0C-60145009E8C6}
		{35BBB76A-6A81-4449-B7AF-237A94B43E8C} = {AC5297B2-21FB-4BA4-BF0C-60145009E8C6}
	EndGlobalSection
EndGlobal
